
Microsoft Visual Studio Solution File, Format Version 12.00
# Visual Studio Version 17
VisualStudioVersion = 17.7.34031.279
MinimumVisualStudioVersion = 10.0.40219.1
Project("{FAE04EC0-301F-11D3-BF4B-00C04F79EFBC}") = "Essential-8-1", "Essential-8\Essential-8-1.csproj", "{44EA2389-2559-43E7-9245-8835355BE26B}"
EndProject
Project("{FAE04EC0-301F-11D3-BF4B-00C04F79EFBC}") = "Essential-8-2", "Essential-8-2\Essential-8-2.csproj", "{5B49DF3A-0258-44D2-9AC6-B80085C860E4}"
EndProject
Project("{FAE04EC0-301F-11D3-BF4B-00C04F79EFBC}") = "Essential-8-3", "Essential-8-3\Essential-8-3.csproj", "{3A83CF91-0CA2-4C61-B258-552291C9D13A}"
EndProject
Global
	GlobalSection(SolutionConfigurationPlatforms) = preSolution
		Debug|Any CPU = Debug|Any CPU
		Release|Any CPU = Release|Any CPU
	EndGlobalSection
	GlobalSection(ProjectConfigurationPlatforms) = postSolution
		{44EA2389-2559-43E7-9245-8835355BE26B}.Debug|Any CPU.ActiveCfg = Debug|Any CPU
		{44EA2389-2559-43E7-9245-8835355BE26B}.Debug|Any CPU.Build.0 = Debug|Any CPU
		{44EA2389-2559-43E7-9245-8835355BE26B}.Release|Any CPU.ActiveCfg = Release|Any CPU
		{44EA2389-2559-43E7-9245-8835355BE26B}.Release|Any CPU.Build.0 = Release|Any CPU
		{5B49DF3A-0258-44D2-9AC6-B80085C860E4}.Debug|Any CPU.ActiveCfg = Debug|Any CPU
		{5B49DF3A-0258-44D2-9AC6-B80085C860E4}.Debug|Any CPU.Build.0 = Debug|Any CPU
		{5B49DF3A-0258-44D2-9AC6-B80085C860E4}.Release|Any CPU.ActiveCfg = Release|Any CPU
		{5B49DF3A-0258-44D2-9AC6-B80085C860E4}.Release|Any CPU.Build.0 = Release|Any CPU
		{3A83CF91-0CA2-4C61-B258-552291C9D13A}.Debug|Any CPU.ActiveCfg = Debug|Any CPU
		{3A83CF91-0CA2-4C61-B258-552291C9D13A}.Debug|Any CPU.Build.0 = Debug|Any CPU
		{3A83CF91-0CA2-4C61-B258-552291C9D13A}.Release|Any CPU.ActiveCfg = Release|Any CPU
		{3A83CF91-0CA2-4C61-B258-552291C9D13A}.Release|Any CPU.Build.0 = Release|Any CPU
	EndGlobalSection
	GlobalSection(SolutionProperties) = preSolution
		HideSolutionNode = FALSE
	EndGlobalSection
	GlobalSection(ExtensibilityGlobals) = postSolution
		SolutionGuid = {524F981E-3434-4CA6-933C-D795D875D9CD}
	EndGlobalSection
EndGlobal
